
Microsoft Visual Studio Solution File, Format Version 12.00
# Visual Studio Version 17
VisualStudioVersion = 17.0.31903.59
MinimumVisualStudioVersion = 10.0.40219.1
Project("{FAE04EC0-301F-11D3-BF4B-00C04F79EFBC}") = "SliceCloud.Web", "SliceCloud.Web\SliceCloud.Web.csproj", "{8F748813-F4B6-4824-BE41-7C77183E4A57}"
EndProject
Project("{FAE04EC0-301F-11D3-BF4B-00C04F79EFBC}") = "SliceCloud.Service", "SliceCloud.Service\SliceCloud.Service.csproj", "{6C0E26A6-5F28-403A-8382-37D608A929B1}"
EndProject
Project("{FAE04EC0-301F-11D3-BF4B-00C04F79EFBC}") = "SliceCloud.Repository", "SliceCloud.Repository\SliceCloud.Repository.csproj", "{C6BA1418-EC41-4F24-BE74-E0789A272E52}"
EndProject
Global
	GlobalSection(SolutionConfigurationPlatforms) = preSolution
		Debug|Any CPU = Debug|Any CPU
		Release|Any CPU = Release|Any CPU
	EndGlobalSection
	GlobalSection(SolutionProperties) = preSolution
		HideSolutionNode = FALSE
	EndGlobalSection
	GlobalSection(ProjectConfigurationPlatforms) = postSolution
		{8F748813-F4B6-4824-BE41-7C77183E4A57}.Debug|Any CPU.ActiveCfg = Debug|Any CPU
		{8F748813-F4B6-4824-BE41-7C77183E4A57}.Debug|Any CPU.Build.0 = Debug|Any CPU
		{8F748813-F4B6-4824-BE41-7C77183E4A57}.Release|Any CPU.ActiveCfg = Release|Any CPU
		{8F748813-F4B6-4824-BE41-7C77183E4A57}.Release|Any CPU.Build.0 = Release|Any CPU
		{6C0E26A6-5F28-403A-8382-37D608A929B1}.Debug|Any CPU.ActiveCfg = Debug|Any CPU
		{6C0E26A6-5F28-403A-8382-37D608A929B1}.Debug|Any CPU.Build.0 = Debug|Any CPU
		{6C0E26A6-5F28-403A-8382-37D608A929B1}.Release|Any CPU.ActiveCfg = Release|Any CPU
		{6C0E26A6-5F28-403A-8382-37D608A929B1}.Release|Any CPU.Build.0 = Release|Any CPU
		{C6BA1418-EC41-4F24-BE74-E0789A272E52}.Debug|Any CPU.ActiveCfg = Debug|Any CPU
		{C6BA1418-EC41-4F24-BE74-E0789A272E52}.Debug|Any CPU.Build.0 = Debug|Any CPU
		{C6BA1418-EC41-4F24-BE74-E0789A272E52}.Release|Any CPU.ActiveCfg = Release|Any CPU
		{C6BA1418-EC41-4F24-BE74-E0789A272E52}.Release|Any CPU.Build.0 = Release|Any CPU
	EndGlobalSection
EndGlobal
